
Microsoft Visual Studio Solution File, Format Version 12.00
# Visual Studio 15
VisualStudioVersion = 15.0.27130.2010
MinimumVisualStudioVersion = 10.0.40219.1
Project("{9A19103F-16F7-4668-BE54-9A1E7A4F7556}") = "Cascara", "Cascara\Cascara.csproj", "{A80E04D9-147D-4E55-ADBC-804D3F81155E}"
EndProject
Project("{FAE04EC0-301F-11D3-BF4B-00C04F79EFBC}") = "Cascara.Tests", "Cascara.Tests\Cascara.Tests.csproj", "{53B3E061-9D3D-4FE4-9BB9-9B92FCD0CD04}"
EndProject
Global
	GlobalSection(SolutionConfigurationPlatforms) = preSolution
		Debug|Any CPU = Debug|Any CPU
		Release|Any CPU = Release|Any CPU
	EndGlobalSection
	GlobalSection(ProjectConfigurationPlatforms) = postSolution
		{A80E04D9-147D-4E55-ADBC-804D3F81155E}.Debug|Any CPU.ActiveCfg = Debug|Any CPU
		{A80E04D9-147D-4E55-ADBC-804D3F81155E}.Debug|Any CPU.Build.0 = Debug|Any CPU
		{A80E04D9-147D-4E55-ADBC-804D3F81155E}.Release|Any CPU.ActiveCfg = Release|Any CPU
		{A80E04D9-147D-4E55-ADBC-804D3F81155E}.Release|Any CPU.Build.0 = Release|Any CPU
		{53B3E061-9D3D-4FE4-9BB9-9B92FCD0CD04}.Debug|Any CPU.ActiveCfg = Debug|Any CPU
		{53B3E061-9D3D-4FE4-9BB9-9B92FCD0CD04}.Debug|Any CPU.Build.0 = Debug|Any CPU
		{53B3E061-9D3D-4FE4-9BB9-9B92FCD0CD04}.Release|Any CPU.ActiveCfg = Release|Any CPU
		{53B3E061-9D3D-4FE4-9BB9-9B92FCD0CD04}.Release|Any CPU.Build.0 = Release|Any CPU
	EndGlobalSection
	GlobalSection(SolutionProperties) = preSolution
		HideSolutionNode = FALSE
	EndGlobalSection
	GlobalSection(ExtensibilityGlobals) = postSolution
		SolutionGuid = {2CAC5E48-C3A8-4145-8AAD-6A944EA74FD4}
	EndGlobalSection
EndGlobal
