Microsoft Visual Studio Solution File, Format Version 12.00
# Visual Studio 15
VisualStudioVersion = 15.0.27130.2010
MinimumVisualStudioVersion = 10.0.40219.1
Project("{9A19103F-16F7-4668-BE54-9A1E7A4F7556}") = "Cascara", "Cascara\Cascara.csproj", "{A80E04D9-147D-4E55-ADBC-804D3F81155E}"
EndProject
Project("{9A19103F-16F7-4668-BE54-9A1E7A4F7556}") = "Cascara.Tests", "Cascara.Tests\Cascara.Tests.csproj", "{2124F1CF-E709-4810-BE22-E2444CEF6BB0}"
EndProject
Global
	GlobalSection(SolutionConfigurationPlatforms) = preSolution
		Debug|Any CPU = Debug|Any CPU
		Debug|x64 = Debug|x64
		Debug|x86 = Debug|x86
		Release|Any CPU = Release|Any CPU
		Release|x64 = Release|x64
		Release|x86 = Release|x86
	EndGlobalSection
	GlobalSection(ProjectConfigurationPlatforms) = postSolution
		{A80E04D9-147D-4E55-ADBC-804D3F81155E}.Debug|Any CPU.ActiveCfg = Debug|Any CPU
		{A80E04D9-147D-4E55-ADBC-804D3F81155E}.Debug|Any CPU.Build.0 = Debug|Any CPU
		{A80E04D9-147D-4E55-ADBC-804D3F81155E}.Debug|x64.ActiveCfg = Debug|Any CPU
		{A80E04D9-147D-4E55-ADBC-804D3F81155E}.Debug|x64.Build.0 = Debug|Any CPU
		{A80E04D9-147D-4E55-ADBC-804D3F81155E}.Debug|x86.ActiveCfg = Debug|Any CPU
		{A80E04D9-147D-4E55-ADBC-804D3F81155E}.Debug|x86.Build.0 = Debug|Any CPU
		{A80E04D9-147D-4E55-ADBC-804D3F81155E}.Release|Any CPU.ActiveCfg = Release|Any CPU
		{A80E04D9-147D-4E55-ADBC-804D3F81155E}.Release|Any CPU.Build.0 = Release|Any CPU
		{A80E04D9-147D-4E55-ADBC-804D3F81155E}.Release|x64.ActiveCfg = Release|Any CPU
		{A80E04D9-147D-4E55-ADBC-804D3F81155E}.Release|x64.Build.0 = Release|Any CPU
		{A80E04D9-147D-4E55-ADBC-804D3F81155E}.Release|x86.ActiveCfg = Release|Any CPU
		{A80E04D9-147D-4E55-ADBC-804D3F81155E}.Release|x86.Build.0 = Release|Any CPU
		{2124F1CF-E709-4810-BE22-E2444CEF6BB0}.Debug|Any CPU.ActiveCfg = Debug|Any CPU
		{2124F1CF-E709-4810-BE22-E2444CEF6BB0}.Debug|Any CPU.Build.0 = Debug|Any CPU
		{2124F1CF-E709-4810-BE22-E2444CEF6BB0}.Debug|x64.ActiveCfg = Debug|Any CPU
		{2124F1CF-E709-4810-BE22-E2444CEF6BB0}.Debug|x64.Build.0 = Debug|Any CPU
		{2124F1CF-E709-4810-BE22-E2444CEF6BB0}.Debug|x86.ActiveCfg = Debug|Any CPU
		{2124F1CF-E709-4810-BE22-E2444CEF6BB0}.Debug|x86.Build.0 = Debug|Any CPU
		{2124F1CF-E709-4810-BE22-E2444CEF6BB0}.Release|Any CPU.ActiveCfg = Release|Any CPU
		{2124F1CF-E709-4810-BE22-E2444CEF6BB0}.Release|Any CPU.Build.0 = Release|Any CPU
		{2124F1CF-E709-4810-BE22-E2444CEF6BB0}.Release|x64.ActiveCfg = Release|Any CPU
		{2124F1CF-E709-4810-BE22-E2444CEF6BB0}.Release|x64.Build.0 = Release|Any CPU
		{2124F1CF-E709-4810-BE22-E2444CEF6BB0}.Release|x86.ActiveCfg = Release|Any CPU
		{2124F1CF-E709-4810-BE22-E2444CEF6BB0}.Release|x86.Build.0 = Release|Any CPU
	EndGlobalSection
	GlobalSection(SolutionProperties) = preSolution
		HideSolutionNode = FALSE
	EndGlobalSection
	GlobalSection(ExtensibilityGlobals) = postSolution
		SolutionGuid = {2CAC5E48-C3A8-4145-8AAD-6A944EA74FD4}
	EndGlobalSection
EndGlobal
